
Microsoft Visual Studio Solution File, Format Version 12.00
Project("{FAE04EC0-301F-11D3-BF4B-00C04F79EFBC}") = "SudokuIA", "SudokuIA\SudokuIA.csproj", "{58DF8571-428B-4A46-B264-E32772F541BE}"
EndProject
Global
	GlobalSection(SolutionConfigurationPlatforms) = preSolution
		Debug|Any CPU = Debug|Any CPU
		Release|Any CPU = Release|Any CPU
	EndGlobalSection
	GlobalSection(ProjectConfigurationPlatforms) = postSolution
		{58DF8571-428B-4A46-B264-E32772F541BE}.Debug|Any CPU.ActiveCfg = Debug|Any CPU
		{58DF8571-428B-4A46-B264-E32772F541BE}.Debug|Any CPU.Build.0 = Debug|Any CPU
		{58DF8571-428B-4A46-B264-E32772F541BE}.Release|Any CPU.ActiveCfg = Release|Any CPU
		{58DF8571-428B-4A46-B264-E32772F541BE}.Release|Any CPU.Build.0 = Release|Any CPU
	EndGlobalSection
EndGlobal
