
Microsoft Visual Studio Solution File, Format Version 12.00
Project("{FAE04EC0-301F-11D3-BF4B-00C04F79EFBC}") = "MatrixSorterIA", "MatrixSorterIA\MatrixSorterIA.csproj", "{A2BC1DC0-BCA5-488D-93B1-B3BBC51EC3E5}"
EndProject
Global
	GlobalSection(SolutionConfigurationPlatforms) = preSolution
		Debug|Any CPU = Debug|Any CPU
		Release|Any CPU = Release|Any CPU
	EndGlobalSection
	GlobalSection(ProjectConfigurationPlatforms) = postSolution
		{A2BC1DC0-BCA5-488D-93B1-B3BBC51EC3E5}.Debug|Any CPU.ActiveCfg = Debug|Any CPU
		{A2BC1DC0-BCA5-488D-93B1-B3BBC51EC3E5}.Debug|Any CPU.Build.0 = Debug|Any CPU
		{A2BC1DC0-BCA5-488D-93B1-B3BBC51EC3E5}.Release|Any CPU.ActiveCfg = Release|Any CPU
		{A2BC1DC0-BCA5-488D-93B1-B3BBC51EC3E5}.Release|Any CPU.Build.0 = Release|Any CPU
	EndGlobalSection
EndGlobal
